// !$*UTF8*$!
{
	archiveVersion = 1;
	classes = {
	};
	objectVersion = 55;
	objects = {

/* Begin PBXBuildFile section */
		04E5D0972774535E00E9B5D6 /* AppDelegate.swift in Sources */ = {isa = PBXBuildFile; fileRef = 04E5D0962774535E00E9B5D6 /* AppDelegate.swift */; };
		04E5D0992774535E00E9B5D6 /* SceneDelegate.swift in Sources */ = {isa = PBXBuildFile; fileRef = 04E5D0982774535E00E9B5D6 /* SceneDelegate.swift */; };
		04E5D09B2774535E00E9B5D6 /* FamilyVC.swift in Sources */ = {isa = PBXBuildFile; fileRef = 04E5D09A2774535E00E9B5D6 /* FamilyVC.swift */; };
		04E5D09E2774535E00E9B5D6 /* Main.storyboard in Resources */ = {isa = PBXBuildFile; fileRef = 04E5D09C2774535E00E9B5D6 /* Main.storyboard */; };
		04E5D0A32774535E00E9B5D6 /* Assets.xcassets in Resources */ = {isa = PBXBuildFile; fileRef = 04E5D0A22774535E00E9B5D6 /* Assets.xcassets */; };
		04E5D0A62774535E00E9B5D6 /* LaunchScreen.storyboard in Resources */ = {isa = PBXBuildFile; fileRef = 04E5D0A42774535E00E9B5D6 /* LaunchScreen.storyboard */; };
		04E5D0BC2774583700E9B5D6 /* FamilyApp.xcdatamodeld in Sources */ = {isa = PBXBuildFile; fileRef = 04E5D0BA2774583700E9B5D6 /* FamilyApp.xcdatamodeld */; };
		04E5D0BE277458EF00E9B5D6 /* BookListVC.swift in Sources */ = {isa = PBXBuildFile; fileRef = 04E5D0BD277458EF00E9B5D6 /* BookListVC.swift */; };
		04EDDC8D277472EB0089F024 /* Author+CoreDataClass.swift in Sources */ = {isa = PBXBuildFile; fileRef = 04EDDC89277472EB0089F024 /* Author+CoreDataClass.swift */; };
		04EDDC8E277472EB0089F024 /* Author+CoreDataProperties.swift in Sources */ = {isa = PBXBuildFile; fileRef = 04EDDC8A277472EB0089F024 /* Author+CoreDataProperties.swift */; };
		04EDDC8F277472EB0089F024 /* Book+CoreDataClass.swift in Sources */ = {isa = PBXBuildFile; fileRef = 04EDDC8B277472EB0089F024 /* Book+CoreDataClass.swift */; };
		04EDDC90277472EB0089F024 /* Book+CoreDataProperties.swift in Sources */ = {isa = PBXBuildFile; fileRef = 04EDDC8C277472EB0089F024 /* Book+CoreDataProperties.swift */; };
/* End PBXBuildFile section */

/* Begin PBXFileReference section */
		04E5D0932774535E00E9B5D6 /* FamilyApp.app */ = {isa = PBXFileReference; explicitFileType = wrapper.application; includeInIndex = 0; path = FamilyApp.app; sourceTree = BUILT_PRODUCTS_DIR; };
		04E5D0962774535E00E9B5D6 /* AppDelegate.swift */ = {isa = PBXFileReference; lastKnownFileType = sourcecode.swift; path = AppDelegate.swift; sourceTree = "<group>"; };
		04E5D0982774535E00E9B5D6 /* SceneDelegate.swift */ = {isa = PBXFileReference; lastKnownFileType = sourcecode.swift; path = SceneDelegate.swift; sourceTree = "<group>"; };
		04E5D09A2774535E00E9B5D6 /* FamilyVC.swift */ = {isa = PBXFileReference; lastKnownFileType = sourcecode.swift; path = FamilyVC.swift; sourceTree = "<group>"; };
		04E5D09D2774535E00E9B5D6 /* Base */ = {isa = PBXFileReference; lastKnownFileType = file.storyboard; name = Base; path = Base.lproj/Main.storyboard; sourceTree = "<group>"; };
		04E5D0A22774535E00E9B5D6 /* Assets.xcassets */ = {isa = PBXFileReference; lastKnownFileType = folder.assetcatalog; path = Assets.xcassets; sourceTree = "<group>"; };
		04E5D0A52774535E00E9B5D6 /* Base */ = {isa = PBXFileReference; lastKnownFileType = file.storyboard; name = Base; path = Base.lproj/LaunchScreen.storyboard; sourceTree = "<group>"; };
		04E5D0A72774535E00E9B5D6 /* Info.plist */ = {isa = PBXFileReference; lastKnownFileType = text.plist.xml; path = Info.plist; sourceTree = "<group>"; };
		04E5D0BB2774583700E9B5D6 /* FamilyApp.xcdatamodel */ = {isa = PBXFileReference; lastKnownFileType = wrapper.xcdatamodel; path = FamilyApp.xcdatamodel; sourceTree = "<group>"; };
		04E5D0BD277458EF00E9B5D6 /* BookListVC.swift */ = {isa = PBXFileReference; lastKnownFileType = sourcecode.swift; path = BookListVC.swift; sourceTree = "<group>"; };
		04EDDC89277472EB0089F024 /* Author+CoreDataClass.swift */ = {isa = PBXFileReference; lastKnownFileType = sourcecode.swift; path = "Author+CoreDataClass.swift"; sourceTree = "<group>"; };
		04EDDC8A277472EB0089F024 /* Author+CoreDataProperties.swift */ = {isa = PBXFileReference; lastKnownFileType = sourcecode.swift; path = "Author+CoreDataProperties.swift"; sourceTree = "<group>"; };
		04EDDC8B277472EB0089F024 /* Book+CoreDataClass.swift */ = {isa = PBXFileReference; lastKnownFileType = sourcecode.swift; path = "Book+CoreDataClass.swift"; sourceTree = "<group>"; };
		04EDDC8C277472EB0089F024 /* Book+CoreDataProperties.swift */ = {isa = PBXFileReference; lastKnownFileType = sourcecode.swift; path = "Book+CoreDataProperties.swift"; sourceTree = "<group>"; };
/* End PBXFileReference section */

/* Begin PBXFrameworksBuildPhase section */
		04E5D0902774535E00E9B5D6 /* Frameworks */ = {
			isa = PBXFrameworksBuildPhase;
			buildActionMask = 2147483647;
			files = (
			);
			runOnlyForDeploymentPostprocessing = 0;
		};
/* End PBXFrameworksBuildPhase section */

/* Begin PBXGroup section */
		04E5D08A2774535E00E9B5D6 = {
			isa = PBXGroup;
			children = (
				04EDDC89277472EB0089F024 /* Author+CoreDataClass.swift */,
				04EDDC8A277472EB0089F024 /* Author+CoreDataProperties.swift */,
				04EDDC8B277472EB0089F024 /* Book+CoreDataClass.swift */,
				04EDDC8C277472EB0089F024 /* Book+CoreDataProperties.swift */,
				04E5D0952774535E00E9B5D6 /* FamilyApp */,
				04E5D0942774535E00E9B5D6 /* Products */,
			);
			sourceTree = "<group>";
		};
		04E5D0942774535E00E9B5D6 /* Products */ = {
			isa = PBXGroup;
			children = (
				04E5D0932774535E00E9B5D6 /* FamilyApp.app */,
			);
			name = Products;
			sourceTree = "<group>";
		};
		04E5D0952774535E00E9B5D6 /* FamilyApp */ = {
			isa = PBXGroup;
			children = (
				04E5D0962774535E00E9B5D6 /* AppDelegate.swift */,
				04E5D0982774535E00E9B5D6 /* SceneDelegate.swift */,
				04E5D09A2774535E00E9B5D6 /* FamilyVC.swift */,
				04E5D0BD277458EF00E9B5D6 /* BookListVC.swift */,
				04E5D09C2774535E00E9B5D6 /* Main.storyboard */,
				04E5D0A22774535E00E9B5D6 /* Assets.xcassets */,
				04E5D0A42774535E00E9B5D6 /* LaunchScreen.storyboard */,
				04E5D0A72774535E00E9B5D6 /* Info.plist */,
				04E5D0BA2774583700E9B5D6 /* FamilyApp.xcdatamodeld */,
			);
			path = FamilyApp;
			sourceTree = "<group>";
		};
/* End PBXGroup section */

/* Begin PBXNativeTarget section */
		04E5D0922774535E00E9B5D6 /* FamilyApp */ = {
			isa = PBXNativeTarget;
			buildConfigurationList = 04E5D0AA2774535F00E9B5D6 /* Build configuration list for PBXNativeTarget "FamilyApp" */;
			buildPhases = (
				04E5D08F2774535E00E9B5D6 /* Sources */,
				04E5D0902774535E00E9B5D6 /* Frameworks */,
				04E5D0912774535E00E9B5D6 /* Resources */,
			);
			buildRules = (
			);
			dependencies = (
			);
			name = FamilyApp;
			productName = FamilyApp;
			productReference = 04E5D0932774535E00E9B5D6 /* FamilyApp.app */;
			productType = "com.apple.product-type.application";
		};
/* End PBXNativeTarget section */

/* Begin PBXProject section */
		04E5D08B2774535E00E9B5D6 /* Project object */ = {
			isa = PBXProject;
			attributes = {
				BuildIndependentTargetsInParallel = 1;
				LastSwiftUpdateCheck = 1310;
				LastUpgradeCheck = 1310;
				TargetAttributes = {
					04E5D0922774535E00E9B5D6 = {
						CreatedOnToolsVersion = 13.1;
					};
				};
			};
			buildConfigurationList = 04E5D08E2774535E00E9B5D6 /* Build configuration list for PBXProject "FamilyApp" */;
			compatibilityVersion = "Xcode 13.0";
			developmentRegion = en;
			hasScannedForEncodings = 0;
			knownRegions = (
				en,
				Base,
			);
			mainGroup = 04E5D08A2774535E00E9B5D6;
			productRefGroup = 04E5D0942774535E00E9B5D6 /* Products */;
			projectDirPath = "";
			projectRoot = "";
			targets = (
				04E5D0922774535E00E9B5D6 /* FamilyApp */,
			);
		};
/* End PBXProject section */

/* Begin PBXResourcesBuildPhase section */
		04E5D0912774535E00E9B5D6 /* Resources */ = {
			isa = PBXResourcesBuildPhase;
			buildActionMask = 2147483647;
			files = (
				04E5D0A62774535E00E9B5D6 /* LaunchScreen.storyboard in Resources */,
				04E5D0A32774535E00E9B5D6 /* Assets.xcassets in Resources */,
				04E5D09E2774535E00E9B5D6 /* Main.storyboard in Resources */,
			);
			runOnlyForDeploymentPostprocessing = 0;
		};
/* End PBXResourcesBuildPhase section */

/* Begin PBXSourcesBuildPhase section */
		04E5D08F2774535E00E9B5D6 /* Sources */ = {
			isa = PBXSourcesBuildPhase;
			buildActionMask = 2147483647;
			files = (
				04EDDC8E277472EB0089F024 /* Author+CoreDataProperties.swift in Sources */,
				04EDDC8D277472EB0089F024 /* Author+CoreDataClass.swift in Sources */,
				04EDDC90277472EB0089F024 /* Book+CoreDataProperties.swift in Sources */,
				04EDDC8F277472EB0089F024 /* Book+CoreDataClass.swift in Sources */,
				04E5D09B2774535E00E9B5D6 /* FamilyVC.swift in Sources */,
				04E5D0BC2774583700E9B5D6 /* FamilyApp.xcdatamodeld in Sources */,
				04E5D0BE277458EF00E9B5D6 /* BookListVC.swift in Sources */,
				04E5D0972774535E00E9B5D6 /* AppDelegate.swift in Sources */,
				04E5D0992774535E00E9B5D6 /* SceneDelegate.swift in Sources */,
			);
			runOnlyForDeploymentPostprocessing = 0;
		};
/* End PBXSourcesBuildPhase section */

/* Begin PBXVariantGroup section */
		04E5D09C2774535E00E9B5D6 /* Main.storyboard */ = {
			isa = PBXVariantGroup;
			children = (
				04E5D09D2774535E00E9B5D6 /* Base */,
			);
			name = Main.storyboard;
			sourceTree = "<group>";
		};
		04E5D0A42774535E00E9B5D6 /* LaunchScreen.storyboard */ = {
			isa = PBXVariantGroup;
			children = (
				04E5D0A52774535E00E9B5D6 /* Base */,
			);
			name = LaunchScreen.storyboard;
			sourceTree = "<group>";
		};
/* End PBXVariantGroup section */

/* Begin XCBuildConfiguration section */
		04E5D0A82774535F00E9B5D6 /* Debug */ = {
			isa = XCBuildConfiguration;
			buildSettings = {
				ALWAYS_SEARCH_USER_PATHS = NO;
				CLANG_ANALYZER_NONNULL = YES;
				CLANG_ANALYZER_NUMBER_OBJECT_CONVERSION = YES_AGGRESSIVE;
				CLANG_CXX_LANGUAGE_STANDARD = "gnu++17";
				CLANG_CXX_LIBRARY = "libc++";
				CLANG_ENABLE_MODULES = YES;
				CLANG_ENABLE_OBJC_ARC = YES;
				CLANG_ENABLE_OBJC_WEAK = YES;
				CLANG_WARN_BLOCK_CAPTURE_AUTORELEASING = YES;
				CLANG_WARN_BOOL_CONVERSION = YES;
				CLANG_WARN_COMMA = YES;
				CLANG_WARN_CONSTANT_CONVERSION = YES;
				CLANG_WARN_DEPRECATED_OBJC_IMPLEMENTATIONS = YES;
				CLANG_WARN_DIRECT_OBJC_ISA_USAGE = YES_ERROR;
				CLANG_WARN_DOCUMENTATION_COMMENTS = YES;
				CLANG_WARN_EMPTY_BODY = YES;
				CLANG_WARN_ENUM_CONVERSION = YES;
				CLANG_WARN_INFINITE_RECURSION = YES;
				CLANG_WARN_INT_CONVERSION = YES;
				CLANG_WARN_NON_LITERAL_NULL_CONVERSION = YES;
				CLANG_WARN_OBJC_IMPLICIT_RETAIN_SELF = YES;
				CLANG_WARN_OBJC_LITERAL_CONVERSION = YES;
				CLANG_WARN_OBJC_ROOT_CLASS = YES_ERROR;
				CLANG_WARN_QUOTED_INCLUDE_IN_FRAMEWORK_HEADER = YES;
				CLANG_WARN_RANGE_LOOP_ANALYSIS = YES;
				CLANG_WARN_STRICT_PROTOTYPES = YES;
				CLANG_WARN_SUSPICIOUS_MOVE = YES;
				CLANG_WARN_UNGUARDED_AVAILABILITY = YES_AGGRESSIVE;
				CLANG_WARN_UNREACHABLE_CODE = YES;
				CLANG_WARN__DUPLICATE_METHOD_MATCH = YES;
				COPY_PHASE_STRIP = NO;
				DEBUG_INFORMATION_FORMAT = dwarf;
				ENABLE_STRICT_OBJC_MSGSEND = YES;
				ENABLE_TESTABILITY = YES;
				GCC_C_LANGUAGE_STANDARD = gnu11;
				GCC_DYNAMIC_NO_PIC = NO;
				GCC_NO_COMMON_BLOCKS = YES;
				GCC_OPTIMIZATION_LEVEL = 0;
				GCC_PREPROCESSOR_DEFINITIONS = (
					"DEBUG=1",
					"$(inherited)",
				);
				GCC_WARN_64_TO_32_BIT_CONVERSION = YES;
				GCC_WARN_ABOUT_RETURN_TYPE = YES_ERROR;
				GCC_WARN_UNDECLARED_SELECTOR = YES;
				GCC_WARN_UNINITIALIZED_AUTOS = YES_AGGRESSIVE;
				GCC_WARN_UNUSED_FUNCTION = YES;
				GCC_WARN_UNUSED_VARIABLE = YES;
				IPHONEOS_DEPLOYMENT_TARGET = 15.0;
				MTL_ENABLE_DEBUG_INFO = INCLUDE_SOURCE;
				MTL_FAST_MATH = YES;
				ONLY_ACTIVE_ARCH = YES;
				SDKROOT = iphoneos;
				SWIFT_ACTIVE_COMPILATION_CONDITIONS = DEBUG;
				SWIFT_OPTIMIZATION_LEVEL = "-Onone";
			};
			name = Debug;
		};
		04E5D0A92774535F00E9B5D6 /* Release */ = {
			isa = XCBuildConfiguration;
			buildSettings = {
				ALWAYS_SEARCH_USER_PATHS = NO;
				CLANG_ANALYZER_NONNULL = YES;
				CLANG_ANALYZER_NUMBER_OBJECT_CONVERSION = YES_AGGRESSIVE;
				CLANG_CXX_LANGUAGE_STANDARD = "gnu++17";
				CLANG_CXX_LIBRARY = "libc++";
				CLANG_ENABLE_MODULES = YES;
				CLANG_ENABLE_OBJC_ARC = YES;
				CLANG_ENABLE_OBJC_WEAK = YES;
				CLANG_WARN_BLOCK_CAPTURE_AUTORELEASING = YES;
				CLANG_WARN_BOOL_CONVERSION = YES;
				CLANG_WARN_COMMA = YES;
				CLANG_WARN_CONSTANT_CONVERSION = YES;
				CLANG_WARN_DEPRECATED_OBJC_IMPLEMENTATIONS = YES;
				CLANG_WARN_DIRECT_OBJC_ISA_USAGE = YES_ERROR;
				CLANG_WARN_DOCUMENTATION_COMMENTS = YES;
				CLANG_WARN_EMPTY_BODY = YES;
				CLANG_WARN_ENUM_CONVERSION = YES;
				CLANG_WARN_INFINITE_RECURSION = YES;
				CLANG_WARN_INT_CONVERSION = YES;
				CLANG_WARN_NON_LITERAL_NULL_CONVERSION = YES;
				CLANG_WARN_OBJC_IMPLICIT_RETAIN_SELF = YES;
				CLANG_WARN_OBJC_LITERAL_CONVERSION = YES;
				CLANG_WARN_OBJC_ROOT_CLASS = YES_ERROR;
				CLANG_WARN_QUOTED_INCLUDE_IN_FRAMEWORK_HEADER = YES;
				CLANG_WARN_RANGE_LOOP_ANALYSIS = YES;
				CLANG_WARN_STRICT_PROTOTYPES = YES;
				CLANG_WARN_SUSPICIOUS_MOVE = YES;
				CLANG_WARN_UNGUARDED_AVAILABILITY = YES_AGGRESSIVE;
				CLANG_WARN_UNREACHABLE_CODE = YES;
				CLANG_WARN__DUPLICATE_METHOD_MATCH = YES;
				COPY_PHASE_STRIP = NO;
				DEBUG_INFORMATION_FORMAT = "dwarf-with-dsym";
				ENABLE_NS_ASSERTIONS = NO;
				ENABLE_STRICT_OBJC_MSGSEND = YES;
				GCC_C_LANGUAGE_STANDARD = gnu11;
				GCC_NO_COMMON_BLOCKS = YES;
				GCC_WARN_64_TO_32_BIT_CONVERSION = YES;
				GCC_WARN_ABOUT_RETURN_TYPE = YES_ERROR;
				GCC_WARN_UNDECLARED_SELECTOR = YES;
				GCC_WARN_UNINITIALIZED_AUTOS = YES_AGGRESSIVE;
				GCC_WARN_UNUSED_FUNCTION = YES;
				GCC_WARN_UNUSED_VARIABLE = YES;
				IPHONEOS_DEPLOYMENT_TARGET = 15.0;
				MTL_ENABLE_DEBUG_INFO = NO;
				MTL_FAST_MATH = YES;
				SDKROOT = iphoneos;
				SWIFT_COMPILATION_MODE = wholemodule;
				SWIFT_OPTIMIZATION_LEVEL = "-O";
				VALIDATE_PRODUCT = YES;
			};
			name = Release;
		};
		04E5D0AB2774535F00E9B5D6 /* Debug */ = {
			isa = XCBuildConfiguration;
			buildSettings = {
				ASSETCATALOG_COMPILER_APPICON_NAME = AppIcon;
				ASSETCATALOG_COMPILER_GLOBAL_ACCENT_COLOR_NAME = AccentColor;
				CODE_SIGN_STYLE = Automatic;
				CURRENT_PROJECT_VERSION = 1;
				DEVELOPMENT_TEAM = 3BYY9V27X7;
				GENERATE_INFOPLIST_FILE = YES;
				INFOPLIST_FILE = FamilyApp/Info.plist;
				INFOPLIST_KEY_UIApplicationSupportsIndirectInputEvents = YES;
				INFOPLIST_KEY_UILaunchStoryboardName = LaunchScreen;
				INFOPLIST_KEY_UIMainStoryboardFile = Main;
				INFOPLIST_KEY_UISupportedInterfaceOrientations_iPad = "UIInterfaceOrientationPortrait UIInterfaceOrientationPortraitUpsideDown UIInterfaceOrientationLandscapeLeft UIInterfaceOrientationLandscapeRight";
				INFOPLIST_KEY_UISupportedInterfaceOrientations_iPhone = "UIInterfaceOrientationPortrait UIInterfaceOrientationLandscapeLeft UIInterfaceOrientationLandscapeRight";
				LD_RUNPATH_SEARCH_PATHS = (
					"$(inherited)",
					"@executable_path/Frameworks",
				);
				MARKETING_VERSION = 1.0;
				PRODUCT_BUNDLE_IDENTIFIER = com.ashishpisey.FamilyApp;
				PRODUCT_NAME = "$(TARGET_NAME)";
				SWIFT_EMIT_LOC_STRINGS = YES;
				SWIFT_VERSION = 5.0;
				TARGETED_DEVICE_FAMILY = "1,2";
			};
			name = Debug;
		};
		04E5D0AC2774535F00E9B5D6 /* Release */ = {
			isa = XCBuildConfiguration;
			buildSettings = {
				ASSETCATALOG_COMPILER_APPICON_NAME = AppIcon;
				ASSETCATALOG_COMPILER_GLOBAL_ACCENT_COLOR_NAME = AccentColor;
				CODE_SIGN_STYLE = Automatic;
				CURRENT_PROJECT_VERSION = 1;
				DEVELOPMENT_TEAM = 3BYY9V27X7;
				GENERATE_INFOPLIST_FILE = YES;
				INFOPLIST_FILE = FamilyApp/Info.plist;
				INFOPLIST_KEY_UIApplicationSupportsIndirectInputEvents = YES;
				INFOPLIST_KEY_UILaunchStoryboardName = LaunchScreen;
				INFOPLIST_KEY_UIMainStoryboardFile = Main;
				INFOPLIST_KEY_UISupportedInterfaceOrientations_iPad = "UIInterfaceOrientationPortrait UIInterfaceOrientationPortraitUpsideDown UIInterfaceOrientationLandscapeLeft UIInterfaceOrientationLandscapeRight";
				INFOPLIST_KEY_UISupportedInterfaceOrientations_iPhone = "UIInterfaceOrientationPortrait UIInterfaceOrientationLandscapeLeft UIInterfaceOrientationLandscapeRight";
				LD_RUNPATH_SEARCH_PATHS = (
					"$(inherited)",
					"@executable_path/Frameworks",
				);
				MARKETING_VERSION = 1.0;
				PRODUCT_BUNDLE_IDENTIFIER = com.ashishpisey.FamilyApp;
				PRODUCT_NAME = "$(TARGET_NAME)";
				SWIFT_EMIT_LOC_STRINGS = YES;
				SWIFT_VERSION = 5.0;
				TARGETED_DEVICE_FAMILY = "1,2";
			};
			name = Release;
		};
/* End XCBuildConfiguration section */

/* Begin XCConfigurationList section */
		04E5D08E2774535E00E9B5D6 /* Build configuration list for PBXProject "FamilyApp" */ = {
			isa = XCConfigurationList;
			buildConfigurations = (
				04E5D0A82774535F00E9B5D6 /* Debug */,
				04E5D0A92774535F00E9B5D6 /* Release */,
			);
			defaultConfigurationIsVisible = 0;
			defaultConfigurationName = Release;
		};
		04E5D0AA2774535F00E9B5D6 /* Build configuration list for PBXNativeTarget "FamilyApp" */ = {
			isa = XCConfigurationList;
			buildConfigurations = (
				04E5D0AB2774535F00E9B5D6 /* Debug */,
				04E5D0AC2774535F00E9B5D6 /* Release */,
			);
			defaultConfigurationIsVisible = 0;
			defaultConfigurationName = Release;
		};
/* End XCConfigurationList section */

/* Begin XCVersionGroup section */
		04E5D0BA2774583700E9B5D6 /* FamilyApp.xcdatamodeld */ = {
			isa = XCVersionGroup;
			children = (
				04E5D0BB2774583700E9B5D6 /* FamilyApp.xcdatamodel */,
			);
			currentVersion = 04E5D0BB2774583700E9B5D6 /* FamilyApp.xcdatamodel */;
			path = FamilyApp.xcdatamodeld;
			sourceTree = "<group>";
			versionGroupType = wrapper.xcdatamodel;
		};
/* End XCVersionGroup section */
	};
	rootObject = 04E5D08B2774535E00E9B5D6 /* Project object */;
}
