// !$*UTF8*$!
{
	archiveVersion = 1;
	classes = {
	};
	objectVersion = 55;
	objects = {

/* Begin PBXBuildFile section */
		0420496B2771BB7A00E30B04 /* AppDelegate.swift in Sources */ = {isa = PBXBuildFile; fileRef = 0420496A2771BB7A00E30B04 /* AppDelegate.swift */; };
		0420496D2771BB7A00E30B04 /* SceneDelegate.swift in Sources */ = {isa = PBXBuildFile; fileRef = 0420496C2771BB7A00E30B04 /* SceneDelegate.swift */; };
		0420496F2771BB7A00E30B04 /* TrackerListVC.swift in Sources */ = {isa = PBXBuildFile; fileRef = 0420496E2771BB7A00E30B04 /* TrackerListVC.swift */; };
		042049722771BB7A00E30B04 /* Main.storyboard in Resources */ = {isa = PBXBuildFile; fileRef = 042049702771BB7A00E30B04 /* Main.storyboard */; };
		042049742771BB7B00E30B04 /* Assets.xcassets in Resources */ = {isa = PBXBuildFile; fileRef = 042049732771BB7B00E30B04 /* Assets.xcassets */; };
		042049772771BB7B00E30B04 /* LaunchScreen.storyboard in Resources */ = {isa = PBXBuildFile; fileRef = 042049752771BB7B00E30B04 /* LaunchScreen.storyboard */; };
		042049832771BD5800E30B04 /* TrackerVC.swift in Sources */ = {isa = PBXBuildFile; fileRef = 042049822771BD5800E30B04 /* TrackerVC.swift */; };
		042049852771BD6900E30B04 /* AddTrackerVC.swift in Sources */ = {isa = PBXBuildFile; fileRef = 042049842771BD6900E30B04 /* AddTrackerVC.swift */; };
		042049882771C46A00E30B04 /* NotificationManager.swift in Sources */ = {isa = PBXBuildFile; fileRef = 042049872771C46A00E30B04 /* NotificationManager.swift */; };
		0420498A2771C4EA00E30B04 /* TrackerModel.swift in Sources */ = {isa = PBXBuildFile; fileRef = 042049892771C4EA00E30B04 /* TrackerModel.swift */; };
/* End PBXBuildFile section */

/* Begin PBXFileReference section */
		042049672771BB7A00E30B04 /* iOS Time Tracker.app */ = {isa = PBXFileReference; explicitFileType = wrapper.application; includeInIndex = 0; path = "iOS Time Tracker.app"; sourceTree = BUILT_PRODUCTS_DIR; };
		0420496A2771BB7A00E30B04 /* AppDelegate.swift */ = {isa = PBXFileReference; lastKnownFileType = sourcecode.swift; path = AppDelegate.swift; sourceTree = "<group>"; };
		0420496C2771BB7A00E30B04 /* SceneDelegate.swift */ = {isa = PBXFileReference; lastKnownFileType = sourcecode.swift; path = SceneDelegate.swift; sourceTree = "<group>"; };
		0420496E2771BB7A00E30B04 /* TrackerListVC.swift */ = {isa = PBXFileReference; lastKnownFileType = sourcecode.swift; path = TrackerListVC.swift; sourceTree = "<group>"; };
		042049712771BB7A00E30B04 /* Base */ = {isa = PBXFileReference; lastKnownFileType = file.storyboard; name = Base; path = Base.lproj/Main.storyboard; sourceTree = "<group>"; };
		042049732771BB7B00E30B04 /* Assets.xcassets */ = {isa = PBXFileReference; lastKnownFileType = folder.assetcatalog; path = Assets.xcassets; sourceTree = "<group>"; };
		042049762771BB7B00E30B04 /* Base */ = {isa = PBXFileReference; lastKnownFileType = file.storyboard; name = Base; path = Base.lproj/LaunchScreen.storyboard; sourceTree = "<group>"; };
		042049782771BB7B00E30B04 /* Info.plist */ = {isa = PBXFileReference; lastKnownFileType = text.plist.xml; path = Info.plist; sourceTree = "<group>"; };
		042049802771BBD000E30B04 /* Project Structure.md */ = {isa = PBXFileReference; lastKnownFileType = net.daringfireball.markdown; path = "Project Structure.md"; sourceTree = "<group>"; };
		042049822771BD5800E30B04 /* TrackerVC.swift */ = {isa = PBXFileReference; lastKnownFileType = sourcecode.swift; path = TrackerVC.swift; sourceTree = "<group>"; };
		042049842771BD6900E30B04 /* AddTrackerVC.swift */ = {isa = PBXFileReference; lastKnownFileType = sourcecode.swift; path = AddTrackerVC.swift; sourceTree = "<group>"; };
		042049872771C46A00E30B04 /* NotificationManager.swift */ = {isa = PBXFileReference; lastKnownFileType = sourcecode.swift; path = NotificationManager.swift; sourceTree = "<group>"; };
		042049892771C4EA00E30B04 /* TrackerModel.swift */ = {isa = PBXFileReference; lastKnownFileType = sourcecode.swift; path = TrackerModel.swift; sourceTree = "<group>"; };
/* End PBXFileReference section */

/* Begin PBXFrameworksBuildPhase section */
		042049642771BB7A00E30B04 /* Frameworks */ = {
			isa = PBXFrameworksBuildPhase;
			buildActionMask = 2147483647;
			files = (
			);
			runOnlyForDeploymentPostprocessing = 0;
		};
/* End PBXFrameworksBuildPhase section */

/* Begin PBXGroup section */
		0420495E2771BB7A00E30B04 = {
			isa = PBXGroup;
			children = (
				042049802771BBD000E30B04 /* Project Structure.md */,
				042049692771BB7A00E30B04 /* iOS Time Tracker */,
				042049682771BB7A00E30B04 /* Products */,
			);
			sourceTree = "<group>";
		};
		042049682771BB7A00E30B04 /* Products */ = {
			isa = PBXGroup;
			children = (
				042049672771BB7A00E30B04 /* iOS Time Tracker.app */,
			);
			name = Products;
			sourceTree = "<group>";
		};
		042049692771BB7A00E30B04 /* iOS Time Tracker */ = {
			isa = PBXGroup;
			children = (
				0420496A2771BB7A00E30B04 /* AppDelegate.swift */,
				0420496C2771BB7A00E30B04 /* SceneDelegate.swift */,
				042049812771BD4400E30B04 /* Controllers */,
				042049862771C43C00E30B04 /* Helpers */,
				042049702771BB7A00E30B04 /* Main.storyboard */,
				042049732771BB7B00E30B04 /* Assets.xcassets */,
				042049752771BB7B00E30B04 /* LaunchScreen.storyboard */,
				042049782771BB7B00E30B04 /* Info.plist */,
			);
			path = "iOS Time Tracker";
			sourceTree = "<group>";
		};
		042049812771BD4400E30B04 /* Controllers */ = {
			isa = PBXGroup;
			children = (
				0420496E2771BB7A00E30B04 /* TrackerListVC.swift */,
				042049822771BD5800E30B04 /* TrackerVC.swift */,
				042049842771BD6900E30B04 /* AddTrackerVC.swift */,
			);
			path = Controllers;
			sourceTree = "<group>";
		};
		042049862771C43C00E30B04 /* Helpers */ = {
			isa = PBXGroup;
			children = (
				042049872771C46A00E30B04 /* NotificationManager.swift */,
				042049892771C4EA00E30B04 /* TrackerModel.swift */,
			);
			path = Helpers;
			sourceTree = "<group>";
		};
/* End PBXGroup section */

/* Begin PBXNativeTarget section */
		042049662771BB7A00E30B04 /* iOS Time Tracker */ = {
			isa = PBXNativeTarget;
			buildConfigurationList = 0420497B2771BB7B00E30B04 /* Build configuration list for PBXNativeTarget "iOS Time Tracker" */;
			buildPhases = (
				042049632771BB7A00E30B04 /* Sources */,
				042049642771BB7A00E30B04 /* Frameworks */,
				042049652771BB7A00E30B04 /* Resources */,
			);
			buildRules = (
			);
			dependencies = (
			);
			name = "iOS Time Tracker";
			productName = "iOS Time Tracker";
			productReference = 042049672771BB7A00E30B04 /* iOS Time Tracker.app */;
			productType = "com.apple.product-type.application";
		};
/* End PBXNativeTarget section */

/* Begin PBXProject section */
		0420495F2771BB7A00E30B04 /* Project object */ = {
			isa = PBXProject;
			attributes = {
				BuildIndependentTargetsInParallel = 1;
				LastSwiftUpdateCheck = 1310;
				LastUpgradeCheck = 1310;
				TargetAttributes = {
					042049662771BB7A00E30B04 = {
						CreatedOnToolsVersion = 13.1;
					};
				};
			};
			buildConfigurationList = 042049622771BB7A00E30B04 /* Build configuration list for PBXProject "iOS Time Tracker" */;
			compatibilityVersion = "Xcode 13.0";
			developmentRegion = en;
			hasScannedForEncodings = 0;
			knownRegions = (
				en,
				Base,
			);
			mainGroup = 0420495E2771BB7A00E30B04;
			productRefGroup = 042049682771BB7A00E30B04 /* Products */;
			projectDirPath = "";
			projectRoot = "";
			targets = (
				042049662771BB7A00E30B04 /* iOS Time Tracker */,
			);
		};
/* End PBXProject section */

/* Begin PBXResourcesBuildPhase section */
		042049652771BB7A00E30B04 /* Resources */ = {
			isa = PBXResourcesBuildPhase;
			buildActionMask = 2147483647;
			files = (
				042049772771BB7B00E30B04 /* LaunchScreen.storyboard in Resources */,
				042049742771BB7B00E30B04 /* Assets.xcassets in Resources */,
				042049722771BB7A00E30B04 /* Main.storyboard in Resources */,
			);
			runOnlyForDeploymentPostprocessing = 0;
		};
/* End PBXResourcesBuildPhase section */

/* Begin PBXSourcesBuildPhase section */
		042049632771BB7A00E30B04 /* Sources */ = {
			isa = PBXSourcesBuildPhase;
			buildActionMask = 2147483647;
			files = (
				042049882771C46A00E30B04 /* NotificationManager.swift in Sources */,
				0420496F2771BB7A00E30B04 /* TrackerListVC.swift in Sources */,
				0420496B2771BB7A00E30B04 /* AppDelegate.swift in Sources */,
				0420496D2771BB7A00E30B04 /* SceneDelegate.swift in Sources */,
				042049852771BD6900E30B04 /* AddTrackerVC.swift in Sources */,
				042049832771BD5800E30B04 /* TrackerVC.swift in Sources */,
				0420498A2771C4EA00E30B04 /* TrackerModel.swift in Sources */,
			);
			runOnlyForDeploymentPostprocessing = 0;
		};
/* End PBXSourcesBuildPhase section */

/* Begin PBXVariantGroup section */
		042049702771BB7A00E30B04 /* Main.storyboard */ = {
			isa = PBXVariantGroup;
			children = (
				042049712771BB7A00E30B04 /* Base */,
			);
			name = Main.storyboard;
			sourceTree = "<group>";
		};
		042049752771BB7B00E30B04 /* LaunchScreen.storyboard */ = {
			isa = PBXVariantGroup;
			children = (
				042049762771BB7B00E30B04 /* Base */,
			);
			name = LaunchScreen.storyboard;
			sourceTree = "<group>";
		};
/* End PBXVariantGroup section */

/* Begin XCBuildConfiguration section */
		042049792771BB7B00E30B04 /* Debug */ = {
			isa = XCBuildConfiguration;
			buildSettings = {
				ALWAYS_SEARCH_USER_PATHS = NO;
				CLANG_ANALYZER_NONNULL = YES;
				CLANG_ANALYZER_NUMBER_OBJECT_CONVERSION = YES_AGGRESSIVE;
				CLANG_CXX_LANGUAGE_STANDARD = "gnu++17";
				CLANG_CXX_LIBRARY = "libc++";
				CLANG_ENABLE_MODULES = YES;
				CLANG_ENABLE_OBJC_ARC = YES;
				CLANG_ENABLE_OBJC_WEAK = YES;
				CLANG_WARN_BLOCK_CAPTURE_AUTORELEASING = YES;
				CLANG_WARN_BOOL_CONVERSION = YES;
				CLANG_WARN_COMMA = YES;
				CLANG_WARN_CONSTANT_CONVERSION = YES;
				CLANG_WARN_DEPRECATED_OBJC_IMPLEMENTATIONS = YES;
				CLANG_WARN_DIRECT_OBJC_ISA_USAGE = YES_ERROR;
				CLANG_WARN_DOCUMENTATION_COMMENTS = YES;
				CLANG_WARN_EMPTY_BODY = YES;
				CLANG_WARN_ENUM_CONVERSION = YES;
				CLANG_WARN_INFINITE_RECURSION = YES;
				CLANG_WARN_INT_CONVERSION = YES;
				CLANG_WARN_NON_LITERAL_NULL_CONVERSION = YES;
				CLANG_WARN_OBJC_IMPLICIT_RETAIN_SELF = YES;
				CLANG_WARN_OBJC_LITERAL_CONVERSION = YES;
				CLANG_WARN_OBJC_ROOT_CLASS = YES_ERROR;
				CLANG_WARN_QUOTED_INCLUDE_IN_FRAMEWORK_HEADER = YES;
				CLANG_WARN_RANGE_LOOP_ANALYSIS = YES;
				CLANG_WARN_STRICT_PROTOTYPES = YES;
				CLANG_WARN_SUSPICIOUS_MOVE = YES;
				CLANG_WARN_UNGUARDED_AVAILABILITY = YES_AGGRESSIVE;
				CLANG_WARN_UNREACHABLE_CODE = YES;
				CLANG_WARN__DUPLICATE_METHOD_MATCH = YES;
				COPY_PHASE_STRIP = NO;
				DEBUG_INFORMATION_FORMAT = dwarf;
				ENABLE_STRICT_OBJC_MSGSEND = YES;
				ENABLE_TESTABILITY = YES;
				GCC_C_LANGUAGE_STANDARD = gnu11;
				GCC_DYNAMIC_NO_PIC = NO;
				GCC_NO_COMMON_BLOCKS = YES;
				GCC_OPTIMIZATION_LEVEL = 0;
				GCC_PREPROCESSOR_DEFINITIONS = (
					"DEBUG=1",
					"$(inherited)",
				);
				GCC_WARN_64_TO_32_BIT_CONVERSION = YES;
				GCC_WARN_ABOUT_RETURN_TYPE = YES_ERROR;
				GCC_WARN_UNDECLARED_SELECTOR = YES;
				GCC_WARN_UNINITIALIZED_AUTOS = YES_AGGRESSIVE;
				GCC_WARN_UNUSED_FUNCTION = YES;
				GCC_WARN_UNUSED_VARIABLE = YES;
				IPHONEOS_DEPLOYMENT_TARGET = 15.0;
				MTL_ENABLE_DEBUG_INFO = INCLUDE_SOURCE;
				MTL_FAST_MATH = YES;
				ONLY_ACTIVE_ARCH = YES;
				SDKROOT = iphoneos;
				SWIFT_ACTIVE_COMPILATION_CONDITIONS = DEBUG;
				SWIFT_OPTIMIZATION_LEVEL = "-Onone";
			};
			name = Debug;
		};
		0420497A2771BB7B00E30B04 /* Release */ = {
			isa = XCBuildConfiguration;
			buildSettings = {
				ALWAYS_SEARCH_USER_PATHS = NO;
				CLANG_ANALYZER_NONNULL = YES;
				CLANG_ANALYZER_NUMBER_OBJECT_CONVERSION = YES_AGGRESSIVE;
				CLANG_CXX_LANGUAGE_STANDARD = "gnu++17";
				CLANG_CXX_LIBRARY = "libc++";
				CLANG_ENABLE_MODULES = YES;
				CLANG_ENABLE_OBJC_ARC = YES;
				CLANG_ENABLE_OBJC_WEAK = YES;
				CLANG_WARN_BLOCK_CAPTURE_AUTORELEASING = YES;
				CLANG_WARN_BOOL_CONVERSION = YES;
				CLANG_WARN_COMMA = YES;
				CLANG_WARN_CONSTANT_CONVERSION = YES;
				CLANG_WARN_DEPRECATED_OBJC_IMPLEMENTATIONS = YES;
				CLANG_WARN_DIRECT_OBJC_ISA_USAGE = YES_ERROR;
				CLANG_WARN_DOCUMENTATION_COMMENTS = YES;
				CLANG_WARN_EMPTY_BODY = YES;
				CLANG_WARN_ENUM_CONVERSION = YES;
				CLANG_WARN_INFINITE_RECURSION = YES;
				CLANG_WARN_INT_CONVERSION = YES;
				CLANG_WARN_NON_LITERAL_NULL_CONVERSION = YES;
				CLANG_WARN_OBJC_IMPLICIT_RETAIN_SELF = YES;
				CLANG_WARN_OBJC_LITERAL_CONVERSION = YES;
				CLANG_WARN_OBJC_ROOT_CLASS = YES_ERROR;
				CLANG_WARN_QUOTED_INCLUDE_IN_FRAMEWORK_HEADER = YES;
				CLANG_WARN_RANGE_LOOP_ANALYSIS = YES;
				CLANG_WARN_STRICT_PROTOTYPES = YES;
				CLANG_WARN_SUSPICIOUS_MOVE = YES;
				CLANG_WARN_UNGUARDED_AVAILABILITY = YES_AGGRESSIVE;
				CLANG_WARN_UNREACHABLE_CODE = YES;
				CLANG_WARN__DUPLICATE_METHOD_MATCH = YES;
				COPY_PHASE_STRIP = NO;
				DEBUG_INFORMATION_FORMAT = "dwarf-with-dsym";
				ENABLE_NS_ASSERTIONS = NO;
				ENABLE_STRICT_OBJC_MSGSEND = YES;
				GCC_C_LANGUAGE_STANDARD = gnu11;
				GCC_NO_COMMON_BLOCKS = YES;
				GCC_WARN_64_TO_32_BIT_CONVERSION = YES;
				GCC_WARN_ABOUT_RETURN_TYPE = YES_ERROR;
				GCC_WARN_UNDECLARED_SELECTOR = YES;
				GCC_WARN_UNINITIALIZED_AUTOS = YES_AGGRESSIVE;
				GCC_WARN_UNUSED_FUNCTION = YES;
				GCC_WARN_UNUSED_VARIABLE = YES;
				IPHONEOS_DEPLOYMENT_TARGET = 15.0;
				MTL_ENABLE_DEBUG_INFO = NO;
				MTL_FAST_MATH = YES;
				SDKROOT = iphoneos;
				SWIFT_COMPILATION_MODE = wholemodule;
				SWIFT_OPTIMIZATION_LEVEL = "-O";
				VALIDATE_PRODUCT = YES;
			};
			name = Release;
		};
		0420497C2771BB7B00E30B04 /* Debug */ = {
			isa = XCBuildConfiguration;
			buildSettings = {
				ASSETCATALOG_COMPILER_APPICON_NAME = AppIcon;
				ASSETCATALOG_COMPILER_GLOBAL_ACCENT_COLOR_NAME = AccentColor;
				CODE_SIGN_STYLE = Automatic;
				CURRENT_PROJECT_VERSION = 1;
				DEVELOPMENT_TEAM = 3BYY9V27X7;
				GENERATE_INFOPLIST_FILE = YES;
				INFOPLIST_FILE = "iOS Time Tracker/Info.plist";
				INFOPLIST_KEY_UIApplicationSupportsIndirectInputEvents = YES;
				INFOPLIST_KEY_UILaunchStoryboardName = LaunchScreen;
				INFOPLIST_KEY_UIMainStoryboardFile = Main;
				INFOPLIST_KEY_UISupportedInterfaceOrientations_iPad = "UIInterfaceOrientationPortrait UIInterfaceOrientationPortraitUpsideDown UIInterfaceOrientationLandscapeLeft UIInterfaceOrientationLandscapeRight";
				INFOPLIST_KEY_UISupportedInterfaceOrientations_iPhone = "UIInterfaceOrientationPortrait UIInterfaceOrientationLandscapeLeft UIInterfaceOrientationLandscapeRight";
				LD_RUNPATH_SEARCH_PATHS = (
					"$(inherited)",
					"@executable_path/Frameworks",
				);
				MARKETING_VERSION = 1.0;
				PRODUCT_BUNDLE_IDENTIFIER = "com.ashishpisey.iOS-Time-Tracker";
				PRODUCT_NAME = "$(TARGET_NAME)";
				SWIFT_EMIT_LOC_STRINGS = YES;
				SWIFT_VERSION = 5.0;
				TARGETED_DEVICE_FAMILY = "1,2";
			};
			name = Debug;
		};
		0420497D2771BB7B00E30B04 /* Release */ = {
			isa = XCBuildConfiguration;
			buildSettings = {
				ASSETCATALOG_COMPILER_APPICON_NAME = AppIcon;
				ASSETCATALOG_COMPILER_GLOBAL_ACCENT_COLOR_NAME = AccentColor;
				CODE_SIGN_STYLE = Automatic;
				CURRENT_PROJECT_VERSION = 1;
				DEVELOPMENT_TEAM = 3BYY9V27X7;
				GENERATE_INFOPLIST_FILE = YES;
				INFOPLIST_FILE = "iOS Time Tracker/Info.plist";
				INFOPLIST_KEY_UIApplicationSupportsIndirectInputEvents = YES;
				INFOPLIST_KEY_UILaunchStoryboardName = LaunchScreen;
				INFOPLIST_KEY_UIMainStoryboardFile = Main;
				INFOPLIST_KEY_UISupportedInterfaceOrientations_iPad = "UIInterfaceOrientationPortrait UIInterfaceOrientationPortraitUpsideDown UIInterfaceOrientationLandscapeLeft UIInterfaceOrientationLandscapeRight";
				INFOPLIST_KEY_UISupportedInterfaceOrientations_iPhone = "UIInterfaceOrientationPortrait UIInterfaceOrientationLandscapeLeft UIInterfaceOrientationLandscapeRight";
				LD_RUNPATH_SEARCH_PATHS = (
					"$(inherited)",
					"@executable_path/Frameworks",
				);
				MARKETING_VERSION = 1.0;
				PRODUCT_BUNDLE_IDENTIFIER = "com.ashishpisey.iOS-Time-Tracker";
				PRODUCT_NAME = "$(TARGET_NAME)";
				SWIFT_EMIT_LOC_STRINGS = YES;
				SWIFT_VERSION = 5.0;
				TARGETED_DEVICE_FAMILY = "1,2";
			};
			name = Release;
		};
/* End XCBuildConfiguration section */

/* Begin XCConfigurationList section */
		042049622771BB7A00E30B04 /* Build configuration list for PBXProject "iOS Time Tracker" */ = {
			isa = XCConfigurationList;
			buildConfigurations = (
				042049792771BB7B00E30B04 /* Debug */,
				0420497A2771BB7B00E30B04 /* Release */,
			);
			defaultConfigurationIsVisible = 0;
			defaultConfigurationName = Release;
		};
		0420497B2771BB7B00E30B04 /* Build configuration list for PBXNativeTarget "iOS Time Tracker" */ = {
			isa = XCConfigurationList;
			buildConfigurations = (
				0420497C2771BB7B00E30B04 /* Debug */,
				0420497D2771BB7B00E30B04 /* Release */,
			);
			defaultConfigurationIsVisible = 0;
			defaultConfigurationName = Release;
		};
/* End XCConfigurationList section */
	};
	rootObject = 0420495F2771BB7A00E30B04 /* Project object */;
}
